
Microsoft Visual Studio Solution File, Format Version 12.00
# Visual Studio Version 17
VisualStudioVersion = 17.0.31903.59
MinimumVisualStudioVersion = 10.0.40219.1
Project("{2150E333-8FDC-42A3-9474-1A3956D46DE8}") = "src", "src", "{A1B2C3D4-0001-0000-0000-000000000000}"
EndProject
Project("{FAE04EC0-301F-11D3-BF4B-00C04F79EFBC}") = "Rend.Core", "src\Rend.Core\Rend.Core.csproj", "{A1B2C3D4-0002-0000-0000-000000000000}"
EndProject
Project("{FAE04EC0-301F-11D3-BF4B-00C04F79EFBC}") = "Rend.Pdf", "src\Rend.Pdf\Rend.Pdf.csproj", "{A1B2C3D4-0003-0000-0000-000000000000}"
EndProject
Project("{FAE04EC0-301F-11D3-BF4B-00C04F79EFBC}") = "Rend.Html", "src\Rend.Html\Rend.Html.csproj", "{A1B2C3D4-0004-0000-0000-000000000000}"
EndProject
Project("{FAE04EC0-301F-11D3-BF4B-00C04F79EFBC}") = "Rend.Css", "src\Rend.Css\Rend.Css.csproj", "{A1B2C3D4-0005-0000-0000-000000000000}"
EndProject
Project("{FAE04EC0-301F-11D3-BF4B-00C04F79EFBC}") = "Rend", "src\Rend\Rend.csproj", "{A1B2C3D4-0006-0000-0000-000000000000}"
EndProject
Project("{2150E333-8FDC-42A3-9474-1A3956D46DE8}") = "tests", "tests", "{A1B2C3D4-0007-0000-0000-000000000000}"
EndProject
Project("{FAE04EC0-301F-11D3-BF4B-00C04F79EFBC}") = "Rend.Core.Tests", "tests\Rend.Core.Tests\Rend.Core.Tests.csproj", "{A1B2C3D4-1002-0000-0000-000000000000}"
EndProject
Project("{FAE04EC0-301F-11D3-BF4B-00C04F79EFBC}") = "Rend.Html.Tests", "tests\Rend.Html.Tests\Rend.Html.Tests.csproj", "{A1B2C3D4-1004-0000-0000-000000000000}"
EndProject
Project("{FAE04EC0-301F-11D3-BF4B-00C04F79EFBC}") = "Rend.Css.Tests", "tests\Rend.Css.Tests\Rend.Css.Tests.csproj", "{A1B2C3D4-1005-0000-0000-000000000000}"
EndProject
Project("{FAE04EC0-301F-11D3-BF4B-00C04F79EFBC}") = "Rend.Pdf.Tests", "tests\Rend.Pdf.Tests\Rend.Pdf.Tests.csproj", "{A1B2C3D4-1003-0000-0000-000000000000}"
EndProject
Project("{FAE04EC0-301F-11D3-BF4B-00C04F79EFBC}") = "Rend.Tests", "tests\Rend.Tests\Rend.Tests.csproj", "{A1B2C3D4-1006-0000-0000-000000000000}"
EndProject
Project("{2150E333-8FDC-42A3-9474-1A3956D46DE8}") = "conformance", "conformance", "{90AAFA52-294B-4C23-BB2E-CADD70BF08DA}"
EndProject
Project("{FAE04EC0-301F-11D3-BF4B-00C04F79EFBC}") = "Rend.Html.Conformance", "conformance\Rend.Html.Conformance\Rend.Html.Conformance.csproj", "{BF8D7B84-4751-440B-B455-41AE8D4AF04A}"
EndProject
Project("{FAE04EC0-301F-11D3-BF4B-00C04F79EFBC}") = "Rend.Css.Conformance", "conformance\Rend.Css.Conformance\Rend.Css.Conformance.csproj", "{4491221F-2D45-4470-A6C5-3A832BE7D753}"
EndProject
Project("{FAE04EC0-301F-11D3-BF4B-00C04F79EFBC}") = "Rend.VisualRegression", "conformance\Rend.VisualRegression\Rend.VisualRegression.csproj", "{25428EC1-7330-467A-B304-458C48D6F22F}"
EndProject
Global
	GlobalSection(SolutionConfigurationPlatforms) = preSolution
		Debug|Any CPU = Debug|Any CPU
		Release|Any CPU = Release|Any CPU
	EndGlobalSection
	GlobalSection(ProjectConfigurationPlatforms) = postSolution
		{A1B2C3D4-0002-0000-0000-000000000000}.Debug|Any CPU.ActiveCfg = Debug|Any CPU
		{A1B2C3D4-0002-0000-0000-000000000000}.Debug|Any CPU.Build.0 = Debug|Any CPU
		{A1B2C3D4-0002-0000-0000-000000000000}.Release|Any CPU.ActiveCfg = Release|Any CPU
		{A1B2C3D4-0002-0000-0000-000000000000}.Release|Any CPU.Build.0 = Release|Any CPU
		{A1B2C3D4-0003-0000-0000-000000000000}.Debug|Any CPU.ActiveCfg = Debug|Any CPU
		{A1B2C3D4-0003-0000-0000-000000000000}.Debug|Any CPU.Build.0 = Debug|Any CPU
		{A1B2C3D4-0003-0000-0000-000000000000}.Release|Any CPU.ActiveCfg = Release|Any CPU
		{A1B2C3D4-0003-0000-0000-000000000000}.Release|Any CPU.Build.0 = Release|Any CPU
		{A1B2C3D4-0004-0000-0000-000000000000}.Debug|Any CPU.ActiveCfg = Debug|Any CPU
		{A1B2C3D4-0004-0000-0000-000000000000}.Debug|Any CPU.Build.0 = Debug|Any CPU
		{A1B2C3D4-0004-0000-0000-000000000000}.Release|Any CPU.ActiveCfg = Release|Any CPU
		{A1B2C3D4-0004-0000-0000-000000000000}.Release|Any CPU.Build.0 = Release|Any CPU
		{A1B2C3D4-0005-0000-0000-000000000000}.Debug|Any CPU.ActiveCfg = Debug|Any CPU
		{A1B2C3D4-0005-0000-0000-000000000000}.Debug|Any CPU.Build.0 = Debug|Any CPU
		{A1B2C3D4-0005-0000-0000-000000000000}.Release|Any CPU.ActiveCfg = Release|Any CPU
		{A1B2C3D4-0005-0000-0000-000000000000}.Release|Any CPU.Build.0 = Release|Any CPU
		{A1B2C3D4-0006-0000-0000-000000000000}.Debug|Any CPU.ActiveCfg = Debug|Any CPU
		{A1B2C3D4-0006-0000-0000-000000000000}.Debug|Any CPU.Build.0 = Debug|Any CPU
		{A1B2C3D4-0006-0000-0000-000000000000}.Release|Any CPU.ActiveCfg = Release|Any CPU
		{A1B2C3D4-0006-0000-0000-000000000000}.Release|Any CPU.Build.0 = Release|Any CPU
		{A1B2C3D4-1002-0000-0000-000000000000}.Debug|Any CPU.ActiveCfg = Debug|Any CPU
		{A1B2C3D4-1002-0000-0000-000000000000}.Debug|Any CPU.Build.0 = Debug|Any CPU
		{A1B2C3D4-1002-0000-0000-000000000000}.Release|Any CPU.ActiveCfg = Release|Any CPU
		{A1B2C3D4-1002-0000-0000-000000000000}.Release|Any CPU.Build.0 = Release|Any CPU
		{A1B2C3D4-1003-0000-0000-000000000000}.Debug|Any CPU.ActiveCfg = Debug|Any CPU
		{A1B2C3D4-1003-0000-0000-000000000000}.Debug|Any CPU.Build.0 = Debug|Any CPU
		{A1B2C3D4-1003-0000-0000-000000000000}.Release|Any CPU.ActiveCfg = Release|Any CPU
		{A1B2C3D4-1003-0000-0000-000000000000}.Release|Any CPU.Build.0 = Release|Any CPU
		{A1B2C3D4-1004-0000-0000-000000000000}.Debug|Any CPU.ActiveCfg = Debug|Any CPU
		{A1B2C3D4-1004-0000-0000-000000000000}.Debug|Any CPU.Build.0 = Debug|Any CPU
		{A1B2C3D4-1004-0000-0000-000000000000}.Release|Any CPU.ActiveCfg = Release|Any CPU
		{A1B2C3D4-1004-0000-0000-000000000000}.Release|Any CPU.Build.0 = Release|Any CPU
		{A1B2C3D4-1005-0000-0000-000000000000}.Debug|Any CPU.ActiveCfg = Debug|Any CPU
		{A1B2C3D4-1005-0000-0000-000000000000}.Debug|Any CPU.Build.0 = Debug|Any CPU
		{A1B2C3D4-1005-0000-0000-000000000000}.Release|Any CPU.ActiveCfg = Release|Any CPU
		{A1B2C3D4-1005-0000-0000-000000000000}.Release|Any CPU.Build.0 = Release|Any CPU
		{A1B2C3D4-1006-0000-0000-000000000000}.Debug|Any CPU.ActiveCfg = Debug|Any CPU
		{A1B2C3D4-1006-0000-0000-000000000000}.Debug|Any CPU.Build.0 = Debug|Any CPU
		{A1B2C3D4-1006-0000-0000-000000000000}.Release|Any CPU.ActiveCfg = Release|Any CPU
		{A1B2C3D4-1006-0000-0000-000000000000}.Release|Any CPU.Build.0 = Release|Any CPU
		{BF8D7B84-4751-440B-B455-41AE8D4AF04A}.Debug|Any CPU.ActiveCfg = Debug|Any CPU
		{BF8D7B84-4751-440B-B455-41AE8D4AF04A}.Debug|Any CPU.Build.0 = Debug|Any CPU
		{BF8D7B84-4751-440B-B455-41AE8D4AF04A}.Release|Any CPU.ActiveCfg = Release|Any CPU
		{BF8D7B84-4751-440B-B455-41AE8D4AF04A}.Release|Any CPU.Build.0 = Release|Any CPU
		{4491221F-2D45-4470-A6C5-3A832BE7D753}.Debug|Any CPU.ActiveCfg = Debug|Any CPU
		{4491221F-2D45-4470-A6C5-3A832BE7D753}.Debug|Any CPU.Build.0 = Debug|Any CPU
		{4491221F-2D45-4470-A6C5-3A832BE7D753}.Release|Any CPU.ActiveCfg = Release|Any CPU
		{4491221F-2D45-4470-A6C5-3A832BE7D753}.Release|Any CPU.Build.0 = Release|Any CPU
		{25428EC1-7330-467A-B304-458C48D6F22F}.Debug|Any CPU.ActiveCfg = Debug|Any CPU
		{25428EC1-7330-467A-B304-458C48D6F22F}.Debug|Any CPU.Build.0 = Debug|Any CPU
		{25428EC1-7330-467A-B304-458C48D6F22F}.Release|Any CPU.ActiveCfg = Release|Any CPU
		{25428EC1-7330-467A-B304-458C48D6F22F}.Release|Any CPU.Build.0 = Release|Any CPU
	EndGlobalSection
	GlobalSection(NestedProjects) = preSolution
		{A1B2C3D4-0002-0000-0000-000000000000} = {A1B2C3D4-0001-0000-0000-000000000000}
		{A1B2C3D4-0003-0000-0000-000000000000} = {A1B2C3D4-0001-0000-0000-000000000000}
		{A1B2C3D4-0004-0000-0000-000000000000} = {A1B2C3D4-0001-0000-0000-000000000000}
		{A1B2C3D4-0005-0000-0000-000000000000} = {A1B2C3D4-0001-0000-0000-000000000000}
		{A1B2C3D4-0006-0000-0000-000000000000} = {A1B2C3D4-0001-0000-0000-000000000000}
		{A1B2C3D4-1002-0000-0000-000000000000} = {A1B2C3D4-0007-0000-0000-000000000000}
		{A1B2C3D4-1003-0000-0000-000000000000} = {A1B2C3D4-0007-0000-0000-000000000000}
		{A1B2C3D4-1004-0000-0000-000000000000} = {A1B2C3D4-0007-0000-0000-000000000000}
		{A1B2C3D4-1005-0000-0000-000000000000} = {A1B2C3D4-0007-0000-0000-000000000000}
		{A1B2C3D4-1006-0000-0000-000000000000} = {A1B2C3D4-0007-0000-0000-000000000000}
		{BF8D7B84-4751-440B-B455-41AE8D4AF04A} = {90AAFA52-294B-4C23-BB2E-CADD70BF08DA}
		{4491221F-2D45-4470-A6C5-3A832BE7D753} = {90AAFA52-294B-4C23-BB2E-CADD70BF08DA}
		{25428EC1-7330-467A-B304-458C48D6F22F} = {90AAFA52-294B-4C23-BB2E-CADD70BF08DA}
	EndGlobalSection
EndGlobal
